
Microsoft Visual Studio Solution File, Format Version 11.00
# Visual Studio 2010
Project("{8BC9CEB8-8B4A-11D0-8D11-00A0C91BC942}") = "DecisionTree", "DecisionTree\DecisionTree.vcxproj", "{7FC8E611-91BF-4493-93B7-34AED06E09AB}"
EndProject
Global
	GlobalSection(SolutionConfigurationPlatforms) = preSolution
		Debug|Win32 = Debug|Win32
		Release|Win32 = Release|Win32
	EndGlobalSection
	GlobalSection(ProjectConfigurationPlatforms) = postSolution
		{7FC8E611-91BF-4493-93B7-34AED06E09AB}.Debug|Win32.ActiveCfg = Debug|Win32
		{7FC8E611-91BF-4493-93B7-34AED06E09AB}.Debug|Win32.Build.0 = Debug|Win32
		{7FC8E611-91BF-4493-93B7-34AED06E09AB}.Release|Win32.ActiveCfg = Release|Win32
		{7FC8E611-91BF-4493-93B7-34AED06E09AB}.Release|Win32.Build.0 = Release|Win32
	EndGlobalSection
	GlobalSection(SolutionProperties) = preSolution
		HideSolutionNode = FALSE
	EndGlobalSection
EndGlobal
